Microsoft Visual Studio Solution File, Format Version 12.00
# Visual Studio 2012
Project("{15E49475-E425-39FE-ED93-FC5CCE25D3CB}") = "Colorado", "Assembly-CSharp-firstpass.csproj", "{CC8F30F1-8FA9-A9E9-28AE-47F9627BEF90}"
EndProject
Project("{15E49475-E425-39FE-ED93-FC5CCE25D3CB}") = "Colorado", "Assembly-CSharp.csproj", "{6B9E2223-C225-A0BC-9D96-F5C0FEAA1E4D}"
EndProject
Project("{15E49475-E425-39FE-ED93-FC5CCE25D3CB}") = "Colorado", "Assembly-CSharp-Editor.csproj", "{19F4F9D1-B70E-8B9A-B2BE-94C869B3B55C}"
EndProject
Global
	GlobalSection(SolutionConfigurationPlatforms) = preSolution
		Debug|Any CPU = Debug|Any CPU
		Release|Any CPU = Release|Any CPU
	EndGlobalSection
	GlobalSection(ProjectConfigurationPlatforms) = postSolution
		{CC8F30F1-8FA9-A9E9-28AE-47F9627BEF90}.Debug|Any CPU.ActiveCfg = Debug|Any CPU
		{CC8F30F1-8FA9-A9E9-28AE-47F9627BEF90}.Debug|Any CPU.Build.0 = Debug|Any CPU
		{CC8F30F1-8FA9-A9E9-28AE-47F9627BEF90}.Release|Any CPU.ActiveCfg = Release|Any CPU
		{CC8F30F1-8FA9-A9E9-28AE-47F9627BEF90}.Release|Any CPU.Build.0 = Release|Any CPU
		{6B9E2223-C225-A0BC-9D96-F5C0FEAA1E4D}.Debug|Any CPU.ActiveCfg = Debug|Any CPU
		{6B9E2223-C225-A0BC-9D96-F5C0FEAA1E4D}.Debug|Any CPU.Build.0 = Debug|Any CPU
		{6B9E2223-C225-A0BC-9D96-F5C0FEAA1E4D}.Release|Any CPU.ActiveCfg = Release|Any CPU
		{6B9E2223-C225-A0BC-9D96-F5C0FEAA1E4D}.Release|Any CPU.Build.0 = Release|Any CPU
		{19F4F9D1-B70E-8B9A-B2BE-94C869B3B55C}.Debug|Any CPU.ActiveCfg = Debug|Any CPU
		{19F4F9D1-B70E-8B9A-B2BE-94C869B3B55C}.Debug|Any CPU.Build.0 = Debug|Any CPU
		{19F4F9D1-B70E-8B9A-B2BE-94C869B3B55C}.Release|Any CPU.ActiveCfg = Release|Any CPU
		{19F4F9D1-B70E-8B9A-B2BE-94C869B3B55C}.Release|Any CPU.Build.0 = Release|Any CPU
	EndGlobalSection
	GlobalSection(MonoDevelopProperties) = preSolution
		StartupItem = Assembly-CSharp.csproj
	EndGlobalSection
EndGlobal
